
Microsoft Visual Studio Solution File, Format Version 12.00
# Visual Studio Version 17
VisualStudioVersion = 17.5.33414.496
MinimumVisualStudioVersion = 10.0.40219.1
Project("{9A19103F-16F7-4668-BE54-9A1E7A4F7556}") = "CRM", "CRM\CRM.csproj", "{85023F4A-2A20-4E49-AE81-DFA43168E5A8}"
EndProject
Project("{2150E333-8FDC-42A3-9474-1A3956D46DE8}") = "API", "API", "{03D6C72C-0CA7-4E55-B2F3-535E559AF383}"
EndProject
Project("{9A19103F-16F7-4668-BE54-9A1E7A4F7556}") = "CRM.API", "API\CRM.API.csproj", "{3E830BCA-AE7E-475E-89FB-8FA3AD5116C9}"
EndProject
Project("{2150E333-8FDC-42A3-9474-1A3956D46DE8}") = "DAL", "DAL", "{B19A2C24-A44D-44F3-8C09-B6648A79BFED}"
EndProject
Project("{9A19103F-16F7-4668-BE54-9A1E7A4F7556}") = "CRM.DAL", "CRM.DAL\CRM.DAL.csproj", "{4E1498D6-859B-49B8-BF76-BA686798E223}"
EndProject
Project("{2150E333-8FDC-42A3-9474-1A3956D46DE8}") = "Service", "Service", "{C9E41B2D-3EAB-4907-8917-4DF0126AA63D}"
EndProject
Project("{2150E333-8FDC-42A3-9474-1A3956D46DE8}") = "BOT", "BOT", "{8124CB0C-B1FA-4FF1-A768-19771E477FE6}"
EndProject
Project("{9A19103F-16F7-4668-BE54-9A1E7A4F7556}") = "BOT", "BOT\BOT.csproj", "{E268CD77-0740-4798-A3BC-5D96AE18B232}"
EndProject
Project("{9A19103F-16F7-4668-BE54-9A1E7A4F7556}") = "CRM.API.Service", "CRM.API.Service\CRM.API.Service.csproj", "{323B3C24-424E-4152-9376-3F14BB23A75E}"
EndProject
Project("{2150E333-8FDC-42A3-9474-1A3956D46DE8}") = "Domain", "Domain", "{D1086372-D4B7-438E-8CE1-B4902FD427C4}"
EndProject
Project("{9A19103F-16F7-4668-BE54-9A1E7A4F7556}") = "CRM.API.Domain", "CRM.API.Domain\CRM.API.Domain.csproj", "{221EA059-A713-446E-8AE9-5F53ADFBDF1A}"
EndProject
Project("{FAE04EC0-301F-11D3-BF4B-00C04F79EFBC}") = "WPF", "WPF\WPF.csproj", "{E1C28353-1E4A-4607-BDE6-59402183790D}"
EndProject
Project("{2150E333-8FDC-42A3-9474-1A3956D46DE8}") = "WPF1", "WPF1", "{1061769B-1160-4C36-8A56-E1536B5A335A}"
EndProject
Global
	GlobalSection(SolutionConfigurationPlatforms) = preSolution
		Debug|Any CPU = Debug|Any CPU
		Release|Any CPU = Release|Any CPU
	EndGlobalSection
	GlobalSection(ProjectConfigurationPlatforms) = postSolution
		{85023F4A-2A20-4E49-AE81-DFA43168E5A8}.Debug|Any CPU.ActiveCfg = Debug|Any CPU
		{85023F4A-2A20-4E49-AE81-DFA43168E5A8}.Debug|Any CPU.Build.0 = Debug|Any CPU
		{85023F4A-2A20-4E49-AE81-DFA43168E5A8}.Release|Any CPU.ActiveCfg = Release|Any CPU
		{85023F4A-2A20-4E49-AE81-DFA43168E5A8}.Release|Any CPU.Build.0 = Release|Any CPU
		{3E830BCA-AE7E-475E-89FB-8FA3AD5116C9}.Debug|Any CPU.ActiveCfg = Debug|Any CPU
		{3E830BCA-AE7E-475E-89FB-8FA3AD5116C9}.Debug|Any CPU.Build.0 = Debug|Any CPU
		{3E830BCA-AE7E-475E-89FB-8FA3AD5116C9}.Release|Any CPU.ActiveCfg = Release|Any CPU
		{3E830BCA-AE7E-475E-89FB-8FA3AD5116C9}.Release|Any CPU.Build.0 = Release|Any CPU
		{4E1498D6-859B-49B8-BF76-BA686798E223}.Debug|Any CPU.ActiveCfg = Debug|Any CPU
		{4E1498D6-859B-49B8-BF76-BA686798E223}.Debug|Any CPU.Build.0 = Debug|Any CPU
		{4E1498D6-859B-49B8-BF76-BA686798E223}.Release|Any CPU.ActiveCfg = Release|Any CPU
		{4E1498D6-859B-49B8-BF76-BA686798E223}.Release|Any CPU.Build.0 = Release|Any CPU
		{E268CD77-0740-4798-A3BC-5D96AE18B232}.Debug|Any CPU.ActiveCfg = Debug|Any CPU
		{E268CD77-0740-4798-A3BC-5D96AE18B232}.Debug|Any CPU.Build.0 = Debug|Any CPU
		{E268CD77-0740-4798-A3BC-5D96AE18B232}.Release|Any CPU.ActiveCfg = Release|Any CPU
		{E268CD77-0740-4798-A3BC-5D96AE18B232}.Release|Any CPU.Build.0 = Release|Any CPU
		{323B3C24-424E-4152-9376-3F14BB23A75E}.Debug|Any CPU.ActiveCfg = Debug|Any CPU
		{323B3C24-424E-4152-9376-3F14BB23A75E}.Debug|Any CPU.Build.0 = Debug|Any CPU
		{323B3C24-424E-4152-9376-3F14BB23A75E}.Release|Any CPU.ActiveCfg = Release|Any CPU
		{323B3C24-424E-4152-9376-3F14BB23A75E}.Release|Any CPU.Build.0 = Release|Any CPU
		{221EA059-A713-446E-8AE9-5F53ADFBDF1A}.Debug|Any CPU.ActiveCfg = Debug|Any CPU
		{221EA059-A713-446E-8AE9-5F53ADFBDF1A}.Debug|Any CPU.Build.0 = Debug|Any CPU
		{221EA059-A713-446E-8AE9-5F53ADFBDF1A}.Release|Any CPU.ActiveCfg = Release|Any CPU
		{221EA059-A713-446E-8AE9-5F53ADFBDF1A}.Release|Any CPU.Build.0 = Release|Any CPU
		{E1C28353-1E4A-4607-BDE6-59402183790D}.Debug|Any CPU.ActiveCfg = Debug|Any CPU
		{E1C28353-1E4A-4607-BDE6-59402183790D}.Debug|Any CPU.Build.0 = Debug|Any CPU
		{E1C28353-1E4A-4607-BDE6-59402183790D}.Release|Any CPU.ActiveCfg = Release|Any CPU
		{E1C28353-1E4A-4607-BDE6-59402183790D}.Release|Any CPU.Build.0 = Release|Any CPU
	EndGlobalSection
	GlobalSection(SolutionProperties) = preSolution
		HideSolutionNode = FALSE
	EndGlobalSection
	GlobalSection(NestedProjects) = preSolution
		{3E830BCA-AE7E-475E-89FB-8FA3AD5116C9} = {03D6C72C-0CA7-4E55-B2F3-535E559AF383}
		{B19A2C24-A44D-44F3-8C09-B6648A79BFED} = {03D6C72C-0CA7-4E55-B2F3-535E559AF383}
		{4E1498D6-859B-49B8-BF76-BA686798E223} = {B19A2C24-A44D-44F3-8C09-B6648A79BFED}
		{C9E41B2D-3EAB-4907-8917-4DF0126AA63D} = {03D6C72C-0CA7-4E55-B2F3-535E559AF383}
		{E268CD77-0740-4798-A3BC-5D96AE18B232} = {8124CB0C-B1FA-4FF1-A768-19771E477FE6}
		{323B3C24-424E-4152-9376-3F14BB23A75E} = {C9E41B2D-3EAB-4907-8917-4DF0126AA63D}
		{D1086372-D4B7-438E-8CE1-B4902FD427C4} = {03D6C72C-0CA7-4E55-B2F3-535E559AF383}
		{221EA059-A713-446E-8AE9-5F53ADFBDF1A} = {D1086372-D4B7-438E-8CE1-B4902FD427C4}
		{E1C28353-1E4A-4607-BDE6-59402183790D} = {1061769B-1160-4C36-8A56-E1536B5A335A}
	EndGlobalSection
	GlobalSection(ExtensibilityGlobals) = postSolution
		SolutionGuid = {0416DC66-E3A1-429C-A8E9-51A3311E5EBC}
	EndGlobalSection
EndGlobal
